
Microsoft Visual Studio Solution File, Format Version 12.00
# Visual Studio 15
VisualStudioVersion = 15.0.28307.1022
MinimumVisualStudioVersion = 10.0.40219.1
Project("{FAE04EC0-301F-11D3-BF4B-00C04F79EFBC}") = "PizzaRestaurant", "PizzaRestaurant\PizzaRestaurant.csproj", "{FE737B52-25E4-4936-9B1B-565757C9EA4E}"
EndProject
Global
	GlobalSection(SolutionConfigurationPlatforms) = preSolution
		Debug|Any CPU = Debug|Any CPU
		Release|Any CPU = Release|Any CPU
	EndGlobalSection
	GlobalSection(ProjectConfigurationPlatforms) = postSolution
		{FE737B52-25E4-4936-9B1B-565757C9EA4E}.Debug|Any CPU.ActiveCfg = Debug|Any CPU
		{FE737B52-25E4-4936-9B1B-565757C9EA4E}.Debug|Any CPU.Build.0 = Debug|Any CPU
		{FE737B52-25E4-4936-9B1B-565757C9EA4E}.Release|Any CPU.ActiveCfg = Release|Any CPU
		{FE737B52-25E4-4936-9B1B-565757C9EA4E}.Release|Any CPU.Build.0 = Release|Any CPU
	EndGlobalSection
	GlobalSection(SolutionProperties) = preSolution
		HideSolutionNode = FALSE
	EndGlobalSection
	GlobalSection(ExtensibilityGlobals) = postSolution
		SolutionGuid = {247C9181-EC25-49DE-82C1-28EE2773EC45}
	EndGlobalSection
EndGlobal
